
Microsoft Visual Studio Solution File, Format Version 12.00
# Visual Studio Version 17
VisualStudioVersion = 17.5.33502.453
MinimumVisualStudioVersion = 10.0.40219.1
Project("{FAE04EC0-301F-11D3-BF4B-00C04F79EFBC}") = "WpfApp1", "WpfApp1\WpfApp1.csproj", "{FBA3D4FE-2C07-4FE3-9880-78066F4A2CB8}"
EndProject
Global
	GlobalSection(SolutionConfigurationPlatforms) = preSolution
		Debug|Any CPU = Debug|Any CPU
		Release|Any CPU = Release|Any CPU
	EndGlobalSection
	GlobalSection(ProjectConfigurationPlatforms) = postSolution
		{FBA3D4FE-2C07-4FE3-9880-78066F4A2CB8}.Debug|Any CPU.ActiveCfg = Debug|Any CPU
		{FBA3D4FE-2C07-4FE3-9880-78066F4A2CB8}.Debug|Any CPU.Build.0 = Debug|Any CPU
		{FBA3D4FE-2C07-4FE3-9880-78066F4A2CB8}.Release|Any CPU.ActiveCfg = Release|Any CPU
		{FBA3D4FE-2C07-4FE3-9880-78066F4A2CB8}.Release|Any CPU.Build.0 = Release|Any CPU
	EndGlobalSection
	GlobalSection(SolutionProperties) = preSolution
		HideSolutionNode = FALSE
	EndGlobalSection
	GlobalSection(ExtensibilityGlobals) = postSolution
		SolutionGuid = {818E4A08-F0F8-4775-A708-F0C33CCCA80B}
	EndGlobalSection
EndGlobal
